{
  "name": "json-schema-to-markdown-tool",
  "version": "0.0.1",
  "lockfileVersion": 1,
  "requires": true,
  "dependencies": {
    "json-conversion-tool": {
      "version": "2.0.2",
      "resolved": "https://registry.npmjs.org/json-conversion-tool/-/json-conversion-tool-2.0.2.tgz",
      "integrity": "sha512-rrCrpYxjK/ZkhMscUtT/JblslvGNUu3p+u/fs8aYkY9xIJO7tIwrnvnsTlg+bItT9xUViv6r2FmH0wjM9V3/0A=="
    }
  }
}
